// !$*UTF8*$!
{
	archiveVersion = 1;
	classes = {
	};
	objectVersion = 77;
	objects = {

/* Begin PBXBuildFile section */
		686A0FCD2FC39F2E0079F963 /* FirebaseCore in Frameworks */ = {isa = PBXBuildFile; productRef = 686A0FCC2FC39F2E0079F963 /* FirebaseCore */; };
		686A0FCF2FC39F2E0079F963 /* FirebaseCrashlytics in Frameworks */ = {isa = PBXBuildFile; productRef = 686A0FCE2FC39F2E0079F963 /* FirebaseCrashlytics */; };
		686A100D2FC48EB90079F963 /* ZIPFoundation in Frameworks */ = {isa = PBXBuildFile; productRef = 686A100C2FC48EB90079F963 /* ZIPFoundation */; };
/* End PBXBuildFile section */

/* Begin PBXContainerItemProxy section */
		686A0F312FC337E50079F963 /* PBXContainerItemProxy */ = {
			isa = PBXContainerItemProxy;
			containerPortal = 686A0F172FC337E40079F963 /* Project object */;
			proxyType = 1;
			remoteGlobalIDString = 686A0F1E2FC337E40079F963;
			remoteInfo = GeoNap;
		};
		686A0F3B2FC337E50079F963 /* PBXContainerItemProxy */ = {
			isa = PBXContainerItemProxy;
			containerPortal = 686A0F172FC337E40079F963 /* Project object */;
			proxyType = 1;
			remoteGlobalIDString = 686A0F1E2FC337E40079F963;
			remoteInfo = GeoNap;
		};
/* End PBXContainerItemProxy section */

/* Begin PBXFileReference section */
		686A0F1F2FC337E40079F963 /* GeoNap.app */ = {isa = PBXFileReference; explicitFileType = wrapper.application; includeInIndex = 0; path = GeoNap.app; sourceTree = BUILT_PRODUCTS_DIR; };
		686A0F302FC337E50079F963 /* GeoNapTests.xctest */ = {isa = PBXFileReference; explicitFileType = wrapper.cfbundle; includeInIndex = 0; path = GeoNapTests.xctest; sourceTree = BUILT_PRODUCTS_DIR; };
		686A0F3A2FC337E50079F963 /* GeoNapUITests.xctest */ = {isa = PBXFileReference; explicitFileType = wrapper.cfbundle; includeInIndex = 0; path = GeoNapUITests.xctest; sourceTree = BUILT_PRODUCTS_DIR; };
/* End PBXFileReference section */

/* Begin PBXFileSystemSynchronizedBuildFileExceptionSet section */
		686A0F422FC337E50079F963 /* Exceptions for "GeoAlarm" folder in "GeoNap" target */ = {
			isa = PBXFileSystemSynchronizedBuildFileExceptionSet;
			membershipExceptions = (
				Info.plist,
				PennStation.gpx,
			);
			target = 686A0F1E2FC337E40079F963 /* GeoNap */;
		};
/* End PBXFileSystemSynchronizedBuildFileExceptionSet section */

/* Begin PBXFileSystemSynchronizedRootGroup section */
		686A0F212FC337E40079F963 /* GeoAlarm */ = {
			isa = PBXFileSystemSynchronizedRootGroup;
			exceptions = (
				686A0F422FC337E50079F963 /* Exceptions for "GeoAlarm" folder in "GeoNap" target */,
			);
			path = GeoAlarm;
			sourceTree = "<group>";
		};
		686A0F332FC337E50079F963 /* NapStopTests */ = {
			isa = PBXFileSystemSynchronizedRootGroup;
			path = NapStopTests;
			sourceTree = "<group>";
		};
		686A0F3D2FC337E50079F963 /* NapStopUITests */ = {
			isa = PBXFileSystemSynchronizedRootGroup;
			path = NapStopUITests;
			sourceTree = "<group>";
		};
/* End PBXFileSystemSynchronizedRootGroup section */

/* Begin PBXFrameworksBuildPhase section */
		686A0F1C2FC337E40079F963 /* Frameworks */ = {
			isa = PBXFrameworksBuildPhase;
			buildActionMask = 2147483647;
			files = (
				686A0FCD2FC39F2E0079F963 /* FirebaseCore in Frameworks */,
				686A0FCF2FC39F2E0079F963 /* FirebaseCrashlytics in Frameworks */,
				686A100D2FC48EB90079F963 /* ZIPFoundation in Frameworks */,
			);
			runOnlyForDeploymentPostprocessing = 0;
		};
		686A0F2D2FC337E50079F963 /* Frameworks */ = {
			isa = PBXFrameworksBuildPhase;
			buildActionMask = 2147483647;
			files = (
			);
			runOnlyForDeploymentPostprocessing = 0;
		};
		686A0F372FC337E50079F963 /* Frameworks */ = {
			isa = PBXFrameworksBuildPhase;
			buildActionMask = 2147483647;
			files = (
			);
			runOnlyForDeploymentPostprocessing = 0;
		};
/* End PBXFrameworksBuildPhase section */

/* Begin PBXGroup section */
		686A0F162FC337E40079F963 = {
			isa = PBXGroup;
			children = (
				686A0F212FC337E40079F963 /* GeoAlarm */,
				686A0F332FC337E50079F963 /* NapStopTests */,
				686A0F3D2FC337E50079F963 /* NapStopUITests */,
				686A100B2FC48EB90079F963 /* Frameworks */,
				686A0F202FC337E40079F963 /* Products */,
			);
			sourceTree = "<group>";
		};
		686A0F202FC337E40079F963 /* Products */ = {
			isa = PBXGroup;
			children = (
				686A0F1F2FC337E40079F963 /* GeoNap.app */,
				686A0F302FC337E50079F963 /* GeoNapTests.xctest */,
				686A0F3A2FC337E50079F963 /* GeoNapUITests.xctest */,
			);
			name = Products;
			sourceTree = "<group>";
		};
		686A100B2FC48EB90079F963 /* Frameworks */ = {
			isa = PBXGroup;
			children = (
			);
			name = Frameworks;
			sourceTree = "<group>";
		};
/* End PBXGroup section */

/* Begin PBXNativeTarget section */
		686A0F1E2FC337E40079F963 /* GeoNap */ = {
			isa = PBXNativeTarget;
			buildConfigurationList = 686A0F432FC337E50079F963 /* Build configuration list for PBXNativeTarget "GeoNap" */;
			buildPhases = (
				689554102FC52E1C007CA05F /* ShellScript */,
				686A0F1B2FC337E40079F963 /* Sources */,
				686A0F1C2FC337E40079F963 /* Frameworks */,
				686A0F1D2FC337E40079F963 /* Resources */,
				686A0FD02FC3AADC0079F963 /* ShellScript */,
			);
			buildRules = (
			);
			dependencies = (
			);
			fileSystemSynchronizedGroups = (
				686A0F212FC337E40079F963 /* GeoAlarm */,
			);
			name = GeoNap;
			packageProductDependencies = (
				686A0FCC2FC39F2E0079F963 /* FirebaseCore */,
				686A0FCE2FC39F2E0079F963 /* FirebaseCrashlytics */,
				686A100C2FC48EB90079F963 /* ZIPFoundation */,
			);
			productName = GeoNap;
			productReference = 686A0F1F2FC337E40079F963 /* GeoNap.app */;
			productType = "com.apple.product-type.application";
		};
		686A0F2F2FC337E50079F963 /* NapStopTests */ = {
			isa = PBXNativeTarget;
			buildConfigurationList = 686A0F482FC337E50079F963 /* Build configuration list for PBXNativeTarget "NapStopTests" */;
			buildPhases = (
				686A0F2C2FC337E50079F963 /* Sources */,
				686A0F2D2FC337E50079F963 /* Frameworks */,
				686A0F2E2FC337E50079F963 /* Resources */,
			);
			buildRules = (
			);
			dependencies = (
				686A0F322FC337E50079F963 /* PBXTargetDependency */,
			);
			fileSystemSynchronizedGroups = (
				686A0F332FC337E50079F963 /* NapStopTests */,
			);
			name = GeoNapTests;
			packageProductDependencies = (
			);
			productName = GeoNapTests;
			productReference = 686A0F302FC337E50079F963 /* GeoNapTests.xctest */;
			productType = "com.apple.product-type.bundle.unit-test";
		};
		686A0F392FC337E50079F963 /* NapStopUITests */ = {
			isa = PBXNativeTarget;
			buildConfigurationList = 686A0F4B2FC337E50079F963 /* Build configuration list for PBXNativeTarget "NapStopUITests" */;
			buildPhases = (
				686A0F362FC337E50079F963 /* Sources */,
				686A0F372FC337E50079F963 /* Frameworks */,
				686A0F382FC337E50079F963 /* Resources */,
			);
			buildRules = (
			);
			dependencies = (
				686A0F3C2FC337E50079F963 /* PBXTargetDependency */,
			);
			fileSystemSynchronizedGroups = (
				686A0F3D2FC337E50079F963 /* NapStopUITests */,
			);
			name = GeoNapUITests;
			packageProductDependencies = (
			);
			productName = GeoNapUITests;
			productReference = 686A0F3A2FC337E50079F963 /* GeoNapUITests.xctest */;
			productType = "com.apple.product-type.bundle.ui-testing";
		};
/* End PBXNativeTarget section */

/* Begin PBXProject section */
		686A0F172FC337E40079F963 /* Project object */ = {
			isa = PBXProject;
			attributes = {
				BuildIndependentTargetsInParallel = 1;
				LastSwiftUpdateCheck = 2650;
				LastUpgradeCheck = 2650;
				TargetAttributes = {
					686A0F1E2FC337E40079F963 = {
						CreatedOnToolsVersion = 26.5;
					};
					686A0F2F2FC337E50079F963 = {
						CreatedOnToolsVersion = 26.5;
						TestTargetID = 686A0F1E2FC337E40079F963;
					};
					686A0F392FC337E50079F963 = {
						CreatedOnToolsVersion = 26.5;
						TestTargetID = 686A0F1E2FC337E40079F963;
					};
				};
			};
			buildConfigurationList = 686A0F1A2FC337E40079F963 /* Build configuration list for PBXProject "GeoAlarm" */;
			developmentRegion = en;
			hasScannedForEncodings = 0;
			knownRegions = (
				en,
				Base,
				es,
				fr,
				de,
				it,
				ja,
				"zh-Hans",
				vi,
				th,
				pt,
				hi,
				ar,
				ru,
			);
			mainGroup = 686A0F162FC337E40079F963;
			minimizedProjectReferenceProxies = 1;
			packageReferences = (
				686A0FCB2FC39F2E0079F963 /* XCRemoteSwiftPackageReference "firebase-ios-sdk" */,
				686A100A2FC48E3F0079F963 /* XCRemoteSwiftPackageReference "ZIPFoundation" */,
			);
			preferredProjectObjectVersion = 77;
			productRefGroup = 686A0F202FC337E40079F963 /* Products */;
			projectDirPath = "";
			projectRoot = "";
			targets = (
				686A0F1E2FC337E40079F963 /* GeoNap */,
				686A0F2F2FC337E50079F963 /* NapStopTests */,
				686A0F392FC337E50079F963 /* NapStopUITests */,
			);
		};
/* End PBXProject section */

/* Begin PBXResourcesBuildPhase section */
		686A0F1D2FC337E40079F963 /* Resources */ = {
			isa = PBXResourcesBuildPhase;
			buildActionMask = 2147483647;
			files = (
			);
			runOnlyForDeploymentPostprocessing = 0;
		};
		686A0F2E2FC337E50079F963 /* Resources */ = {
			isa = PBXResourcesBuildPhase;
			buildActionMask = 2147483647;
			files = (
			);
			runOnlyForDeploymentPostprocessing = 0;
		};
		686A0F382FC337E50079F963 /* Resources */ = {
			isa = PBXResourcesBuildPhase;
			buildActionMask = 2147483647;
			files = (
			);
			runOnlyForDeploymentPostprocessing = 0;
		};
/* End PBXResourcesBuildPhase section */

/* Begin PBXShellScriptBuildPhase section */
		686A0FD02FC3AADC0079F963 /* ShellScript */ = {
			isa = PBXShellScriptBuildPhase;
			alwaysOutOfDate = 1;
			buildActionMask = 2147483647;
			files = (
			);
			inputFileListPaths = (
			);
			inputPaths = (
				"$(SRCROOT)/GeoAlarm/GoogleService-Info.plist",
			);
			outputFileListPaths = (
			);
			outputPaths = (
			);
			runOnlyForDeploymentPostprocessing = 0;
			shellPath = /bin/sh;
			shellScript = "if [[ \"$SDKROOT\" == *\"simulator\"* ]]; then\n  echo \"Skipping Crashlytics dSYM upload for simulator build\"\n  exit 0\nfi\n\"${BUILD_DIR%Build/*}SourcePackages/checkouts/firebase-ios-sdk/Crashlytics/run\"\n";
		};
		689554102FC52E1C007CA05F /* ShellScript */ = {
			isa = PBXShellScriptBuildPhase;
			alwaysOutOfDate = 1;
			buildActionMask = 2147483647;
			files = (
			);
			inputFileListPaths = (
			);
			inputPaths = (
			);
			outputFileListPaths = (
			);
			outputPaths = (
			);
			runOnlyForDeploymentPostprocessing = 0;
			shellPath = /bin/sh;
			shellScript = "MAJOR=\"${MAJOR_RELEASE:-1}\"\nDATE=$(date +\"%Y%m%d\")\nGIT_COUNT=$(git -C \"${SRCROOT}\" rev-list --count HEAD 2>/dev/null || echo \"0\")\nBUILD_STRING=\"${MAJOR}.${GIT_COUNT}-${DATE}\"\necho \"// Auto-generated -- do not edit. Rebuilt on every build.\" > \"${SRCROOT}/GeoAlarm/BuildTimestamp.swift\"\necho \"enum Build {\" >> \"${SRCROOT}/GeoAlarm/BuildTimestamp.swift\"\necho \"    static let timestamp = \\\"${BUILD_STRING}\\\"\" >> \"${SRCROOT}/GeoAlarm/BuildTimestamp.swift\"\necho \"}\" >> \"${SRCROOT}/GeoAlarm/BuildTimestamp.swift\"\n";
		};
/* End PBXShellScriptBuildPhase section */

/* Begin PBXSourcesBuildPhase section */
		686A0F1B2FC337E40079F963 /* Sources */ = {
			isa = PBXSourcesBuildPhase;
			buildActionMask = 2147483647;
			files = (
			);
			runOnlyForDeploymentPostprocessing = 0;
		};
		686A0F2C2FC337E50079F963 /* Sources */ = {
			isa = PBXSourcesBuildPhase;
			buildActionMask = 2147483647;
			files = (
			);
			runOnlyForDeploymentPostprocessing = 0;
		};
		686A0F362FC337E50079F963 /* Sources */ = {
			isa = PBXSourcesBuildPhase;
			buildActionMask = 2147483647;
			files = (
			);
			runOnlyForDeploymentPostprocessing = 0;
		};
/* End PBXSourcesBuildPhase section */

/* Begin PBXTargetDependency section */
		686A0F322FC337E50079F963 /* PBXTargetDependency */ = {
			isa = PBXTargetDependency;
			target = 686A0F1E2FC337E40079F963 /* GeoNap */;
			targetProxy = 686A0F312FC337E50079F963 /* PBXContainerItemProxy */;
		};
		686A0F3C2FC337E50079F963 /* PBXTargetDependency */ = {
			isa = PBXTargetDependency;
			target = 686A0F1E2FC337E40079F963 /* GeoNap */;
			targetProxy = 686A0F3B2FC337E50079F963 /* PBXContainerItemProxy */;
		};
/* End PBXTargetDependency section */

/* Begin XCBuildConfiguration section */
		686A0F442FC337E50079F963 /* Debug */ = {
			isa = XCBuildConfiguration;
			buildSettings = {
				ASSETCATALOG_COMPILER_APPICON_NAME = AppIcon;
				ASSETCATALOG_COMPILER_GLOBAL_ACCENT_COLOR_NAME = AccentColor;
				CODE_SIGN_STYLE = Automatic;
				CURRENT_PROJECT_VERSION = 1;
				DEVELOPMENT_TEAM = 79MGKH9L7U;
				ENABLE_APP_SANDBOX = YES;
				ENABLE_HARDENED_RUNTIME = YES;
				ENABLE_PREVIEWS = YES;
				ENABLE_USER_SCRIPT_SANDBOXING = NO;
				ENABLE_USER_SELECTED_FILES = readonly;
				GENERATE_INFOPLIST_FILE = YES;
				INFOPLIST_FILE = GeoAlarm/Info.plist;
				INFOPLIST_KEY_CFBundleDisplayName = GeoNap;
				INFOPLIST_KEY_LSApplicationCategoryType = "";
				INFOPLIST_KEY_NSLocationAlwaysAndWhenInUseUsageDescription = "GeoNap needs Always-On location access to monitor regions while the app is in the background or your phone is locked.";
				INFOPLIST_KEY_NSLocationUsageDescription = "GeoNap needs Always-On location access to monitor regions while the app is in the background or your phone is locked.";
				INFOPLIST_KEY_NSLocationWhenInUseUsageDescription = "GeoNap uses your location to monitor nearby regions and wake you before your stop.";
				"INFOPLIST_KEY_UIApplicationSceneManifest_Generation[sdk=iphoneos*]" = YES;
				"INFOPLIST_KEY_UIApplicationSceneManifest_Generation[sdk=iphonesimulator*]" = YES;
				"INFOPLIST_KEY_UIApplicationSupportsIndirectInputEvents[sdk=iphoneos*]" = YES;
				"INFOPLIST_KEY_UIApplicationSupportsIndirectInputEvents[sdk=iphonesimulator*]" = YES;
				"INFOPLIST_KEY_UILaunchScreen_Generation[sdk=iphoneos*]" = YES;
				"INFOPLIST_KEY_UILaunchScreen_Generation[sdk=iphonesimulator*]" = YES;
				"INFOPLIST_KEY_UIStatusBarStyle[sdk=iphoneos*]" = UIStatusBarStyleDefault;
				"INFOPLIST_KEY_UIStatusBarStyle[sdk=iphonesimulator*]" = UIStatusBarStyleDefault;
				INFOPLIST_KEY_UISupportedInterfaceOrientations_iPad = "UIInterfaceOrientationPortrait UIInterfaceOrientationPortraitUpsideDown UIInterfaceOrientationLandscapeLeft UIInterfaceOrientationLandscapeRight";
				INFOPLIST_KEY_UISupportedInterfaceOrientations_iPhone = "UIInterfaceOrientationPortrait UIInterfaceOrientationLandscapeLeft UIInterfaceOrientationLandscapeRight";
				IPHONEOS_DEPLOYMENT_TARGET = 26.5;
				LD_RUNPATH_SEARCH_PATHS = "@executable_path/Frameworks";
				"LD_RUNPATH_SEARCH_PATHS[sdk=macosx*]" = "@executable_path/../Frameworks";
				MACOSX_DEPLOYMENT_TARGET = 26.5;
				MAJOR_RELEASE = 1;
				MARKETING_VERSION = 1.0;
				PRODUCT_BUNDLE_IDENTIFIER = com.rmbartis.GeoNap;
				PRODUCT_NAME = GeoNap;
				REGISTER_APP_GROUPS = YES;
				SDKROOT = auto;
				STRING_CATALOG_GENERATE_SYMBOLS = YES;
				SUPPORTED_PLATFORMS = "iphoneos iphonesimulator";
				SUPPORTS_MACCATALYST = NO;
				SWIFT_APPROACHABLE_CONCURRENCY = YES;
				SWIFT_DEFAULT_ACTOR_ISOLATION = MainActor;
				SWIFT_EMIT_LOC_STRINGS = YES;
				SWIFT_UPCOMING_FEATURE_MEMBER_IMPORT_VISIBILITY = YES;
				SWIFT_VERSION = 5.0;
				TARGETED_DEVICE_FAMILY = "1,2";
				XROS_DEPLOYMENT_TARGET = 26.5;
			};
			name = Debug;
		};
		686A0F452FC337E50079F963 /* Release */ = {
			isa = XCBuildConfiguration;
			buildSettings = {
				ASSETCATALOG_COMPILER_APPICON_NAME = AppIcon;
				ASSETCATALOG_COMPILER_GLOBAL_ACCENT_COLOR_NAME = AccentColor;
				CODE_SIGN_STYLE = Automatic;
				CURRENT_PROJECT_VERSION = 1;
				DEVELOPMENT_TEAM = 79MGKH9L7U;
				ENABLE_APP_SANDBOX = YES;
				ENABLE_HARDENED_RUNTIME = YES;
				ENABLE_PREVIEWS = YES;
				ENABLE_USER_SCRIPT_SANDBOXING = NO;
				ENABLE_USER_SELECTED_FILES = readonly;
				GENERATE_INFOPLIST_FILE = YES;
				INFOPLIST_FILE = GeoAlarm/Info.plist;
				INFOPLIST_KEY_CFBundleDisplayName = GeoNap;
				INFOPLIST_KEY_LSApplicationCategoryType = "";
				INFOPLIST_KEY_NSLocationAlwaysAndWhenInUseUsageDescription = "GeoNap needs Always-On location access to monitor regions while the app is in the background or your phone is locked.";
				INFOPLIST_KEY_NSLocationUsageDescription = "GeoNap needs Always-On location access to monitor regions while the app is in the background or your phone is locked.";
				INFOPLIST_KEY_NSLocationWhenInUseUsageDescription = "GeoNap uses your location to monitor nearby regions and wake you before your stop.";
				"INFOPLIST_KEY_UIApplicationSceneManifest_Generation[sdk=iphoneos*]" = YES;
				"INFOPLIST_KEY_UIApplicationSceneManifest_Generation[sdk=iphonesimulator*]" = YES;
				"INFOPLIST_KEY_UIApplicationSupportsIndirectInputEvents[sdk=iphoneos*]" = YES;
				"INFOPLIST_KEY_UIApplicationSupportsIndirectInputEvents[sdk=iphonesimulator*]" = YES;
				"INFOPLIST_KEY_UILaunchScreen_Generation[sdk=iphoneos*]" = YES;
				"INFOPLIST_KEY_UILaunchScreen_Generation[sdk=iphonesimulator*]" = YES;
				"INFOPLIST_KEY_UIStatusBarStyle[sdk=iphoneos*]" = UIStatusBarStyleDefault;
				"INFOPLIST_KEY_UIStatusBarStyle[sdk=iphonesimulator*]" = UIStatusBarStyleDefault;
				INFOPLIST_KEY_UISupportedInterfaceOrientations_iPad = "UIInterfaceOrientationPortrait UIInterfaceOrientationPortraitUpsideDown UIInterfaceOrientationLandscapeLeft UIInterfaceOrientationLandscapeRight";
				INFOPLIST_KEY_UISupportedInterfaceOrientations_iPhone = "UIInterfaceOrientationPortrait UIInterfaceOrientationLandscapeLeft UIInterfaceOrientationLandscapeRight";
				IPHONEOS_DEPLOYMENT_TARGET = 26.5;
				LD_RUNPATH_SEARCH_PATHS = "@executable_path/Frameworks";
				"LD_RUNPATH_SEARCH_PATHS[sdk=macosx*]" = "@executable_path/../Frameworks";
				MACOSX_DEPLOYMENT_TARGET = 26.5;
				MAJOR_RELEASE = 1;
				MARKETING_VERSION = 1.0;
				PRODUCT_BUNDLE_IDENTIFIER = com.rmbartis.GeoNap;
				PRODUCT_NAME = GeoNap;
				REGISTER_APP_GROUPS = YES;
				SDKROOT = auto;
				STRING_CATALOG_GENERATE_SYMBOLS = YES;
				SUPPORTED_PLATFORMS = "iphoneos iphonesimulator";
				SUPPORTS_MACCATALYST = NO;
				SWIFT_APPROACHABLE_CONCURRENCY = YES;
				SWIFT_DEFAULT_ACTOR_ISOLATION = MainActor;
				SWIFT_EMIT_LOC_STRINGS = YES;
				SWIFT_UPCOMING_FEATURE_MEMBER_IMPORT_VISIBILITY = YES;
				SWIFT_VERSION = 5.0;
				TARGETED_DEVICE_FAMILY = "1,2";
				XROS_DEPLOYMENT_TARGET = 26.5;
			};
			name = Release;
		};
		686A0F462FC337E50079F963 /* Debug */ = {
			isa = XCBuildConfiguration;
			buildSettings = {
				ALWAYS_SEARCH_USER_PATHS = NO;
				ASSETCATALOG_COMPILER_GENERATE_SWIFT_ASSET_SYMBOL_EXTENSIONS = YES;
				CLANG_ANALYZER_NONNULL = YES;
				CLANG_ANALYZER_NUMBER_OBJECT_CONVERSION = YES_AGGRESSIVE;
				CLANG_CXX_LANGUAGE_STANDARD = "gnu++20";
				CLANG_ENABLE_MODULES = YES;
				CLANG_ENABLE_OBJC_ARC = YES;
				CLANG_ENABLE_OBJC_WEAK = YES;
				CLANG_WARN_BLOCK_CAPTURE_AUTORELEASING = YES;
				CLANG_WARN_BOOL_CONVERSION = YES;
				CLANG_WARN_COMMA = YES;
				CLANG_WARN_CONSTANT_CONVERSION = YES;
				CLANG_WARN_DEPRECATED_OBJC_IMPLEMENTATIONS = YES;
				CLANG_WARN_DIRECT_OBJC_ISA_USAGE = YES_ERROR;
				CLANG_WARN_DOCUMENTATION_COMMENTS = YES;
				CLANG_WARN_EMPTY_BODY = YES;
				CLANG_WARN_ENUM_CONVERSION = YES;
				CLANG_WARN_INFINITE_RECURSION = YES;
				CLANG_WARN_INT_CONVERSION = YES;
				CLANG_WARN_NON_LITERAL_NULL_CONVERSION = YES;
				CLANG_WARN_OBJC_IMPLICIT_RETAIN_SELF = YES;
				CLANG_WARN_OBJC_LITERAL_CONVERSION = YES;
				CLANG_WARN_OBJC_ROOT_CLASS = YES_ERROR;
				CLANG_WARN_QUOTED_INCLUDE_IN_FRAMEWORK_HEADER = YES;
				CLANG_WARN_RANGE_LOOP_ANALYSIS = YES;
				CLANG_WARN_STRICT_PROTOTYPES = YES;
				CLANG_WARN_SUSPICIOUS_MOVE = YES;
				CLANG_WARN_UNGUARDED_AVAILABILITY = YES_AGGRESSIVE;
				CLANG_WARN_UNREACHABLE_CODE = YES;
				CLANG_WARN__DUPLICATE_METHOD_MATCH = YES;
				COPY_PHASE_STRIP = NO;
				DEBUG_INFORMATION_FORMAT = dwarf;
				DEVELOPMENT_TEAM = 79MGKH9L7U;
				ENABLE_STRICT_OBJC_MSGSEND = YES;
				ENABLE_TESTABILITY = YES;
				ENABLE_USER_SCRIPT_SANDBOXING = YES;
				GCC_C_LANGUAGE_STANDARD = gnu17;
				GCC_DYNAMIC_NO_PIC = NO;
				GCC_NO_COMMON_BLOCKS = YES;
				GCC_OPTIMIZATION_LEVEL = 0;
				GCC_PREPROCESSOR_DEFINITIONS = (
					"DEBUG=1",
					"$(inherited)",
				);
				GCC_WARN_64_TO_32_BIT_CONVERSION = YES;
				GCC_WARN_ABOUT_RETURN_TYPE = YES_ERROR;
				GCC_WARN_UNDECLARED_SELECTOR = YES;
				GCC_WARN_UNINITIALIZED_AUTOS = YES_AGGRESSIVE;
				GCC_WARN_UNUSED_FUNCTION = YES;
				GCC_WARN_UNUSED_VARIABLE = YES;
				LOCALIZATION_PREFERS_STRING_CATALOGS = YES;
				MTL_ENABLE_DEBUG_INFO = INCLUDE_SOURCE;
				MTL_FAST_MATH = YES;
				ONLY_ACTIVE_ARCH = YES;
				SWIFT_ACTIVE_COMPILATION_CONDITIONS = "DEBUG $(inherited)";
				SWIFT_OPTIMIZATION_LEVEL = "-Onone";
			};
			name = Debug;
		};
		686A0F472FC337E50079F963 /* Release */ = {
			isa = XCBuildConfiguration;
			buildSettings = {
				ALWAYS_SEARCH_USER_PATHS = NO;
				ASSETCATALOG_COMPILER_GENERATE_SWIFT_ASSET_SYMBOL_EXTENSIONS = YES;
				CLANG_ANALYZER_NONNULL = YES;
				CLANG_ANALYZER_NUMBER_OBJECT_CONVERSION = YES_AGGRESSIVE;
				CLANG_CXX_LANGUAGE_STANDARD = "gnu++20";
				CLANG_ENABLE_MODULES = YES;
				CLANG_ENABLE_OBJC_ARC = YES;
				CLANG_ENABLE_OBJC_WEAK = YES;
				CLANG_WARN_BLOCK_CAPTURE_AUTORELEASING = YES;
				CLANG_WARN_BOOL_CONVERSION = YES;
				CLANG_WARN_COMMA = YES;
				CLANG_WARN_CONSTANT_CONVERSION = YES;
				CLANG_WARN_DEPRECATED_OBJC_IMPLEMENTATIONS = YES;
				CLANG_WARN_DIRECT_OBJC_ISA_USAGE = YES_ERROR;
				CLANG_WARN_DOCUMENTATION_COMMENTS = YES;
				CLANG_WARN_EMPTY_BODY = YES;
				CLANG_WARN_ENUM_CONVERSION = YES;
				CLANG_WARN_INFINITE_RECURSION = YES;
				CLANG_WARN_INT_CONVERSION = YES;
				CLANG_WARN_NON_LITERAL_NULL_CONVERSION = YES;
				CLANG_WARN_OBJC_IMPLICIT_RETAIN_SELF = YES;
				CLANG_WARN_OBJC_LITERAL_CONVERSION = YES;
				CLANG_WARN_OBJC_ROOT_CLASS = YES_ERROR;
				CLANG_WARN_QUOTED_INCLUDE_IN_FRAMEWORK_HEADER = YES;
				CLANG_WARN_RANGE_LOOP_ANALYSIS = YES;
				CLANG_WARN_STRICT_PROTOTYPES = YES;
				CLANG_WARN_SUSPICIOUS_MOVE = YES;
				CLANG_WARN_UNGUARDED_AVAILABILITY = YES_AGGRESSIVE;
				CLANG_WARN_UNREACHABLE_CODE = YES;
				CLANG_WARN__DUPLICATE_METHOD_MATCH = YES;
				COPY_PHASE_STRIP = NO;
				DEBUG_INFORMATION_FORMAT = "dwarf-with-dsym";
				DEVELOPMENT_TEAM = 79MGKH9L7U;
				ENABLE_NS_ASSERTIONS = NO;
				ENABLE_STRICT_OBJC_MSGSEND = YES;
				ENABLE_USER_SCRIPT_SANDBOXING = YES;
				GCC_C_LANGUAGE_STANDARD = gnu17;
				GCC_NO_COMMON_BLOCKS = YES;
				GCC_WARN_64_TO_32_BIT_CONVERSION = YES;
				GCC_WARN_ABOUT_RETURN_TYPE = YES_ERROR;
				GCC_WARN_UNDECLARED_SELECTOR = YES;
				GCC_WARN_UNINITIALIZED_AUTOS = YES_AGGRESSIVE;
				GCC_WARN_UNUSED_FUNCTION = YES;
				GCC_WARN_UNUSED_VARIABLE = YES;
				LOCALIZATION_PREFERS_STRING_CATALOGS = YES;
				MTL_ENABLE_DEBUG_INFO = NO;
				MTL_FAST_MATH = YES;
				SWIFT_COMPILATION_MODE = wholemodule;
			};
			name = Release;
		};
		686A0F492FC337E50079F963 /* Debug */ = {
			isa = XCBuildConfiguration;
			buildSettings = {
				BUNDLE_LOADER = "$(TEST_HOST)";
				CODE_SIGN_STYLE = Automatic;
				CURRENT_PROJECT_VERSION = 1;
				DEVELOPMENT_TEAM = 79MGKH9L7U;
				GENERATE_INFOPLIST_FILE = YES;
				IPHONEOS_DEPLOYMENT_TARGET = 26.5;
				MACOSX_DEPLOYMENT_TARGET = 26.5;
				MARKETING_VERSION = 1.0;
				PRODUCT_BUNDLE_IDENTIFIER = com.rmbartis.GeoNapTests;
				PRODUCT_NAME = "$(TARGET_NAME)";
				SDKROOT = auto;
				STRING_CATALOG_GENERATE_SYMBOLS = NO;
				SUPPORTED_PLATFORMS = "iphoneos iphonesimulator macosx xros xrsimulator";
				SWIFT_APPROACHABLE_CONCURRENCY = YES;
				SWIFT_EMIT_LOC_STRINGS = NO;
				SWIFT_UPCOMING_FEATURE_MEMBER_IMPORT_VISIBILITY = YES;
				SWIFT_VERSION = 5.0;
				TARGETED_DEVICE_FAMILY = "1,2,7";
				TEST_HOST = "$(BUILT_PRODUCTS_DIR)/GeoNap.app/$(BUNDLE_EXECUTABLE_FOLDER_PATH)/GeoNap";
				XROS_DEPLOYMENT_TARGET = 26.5;
			};
			name = Debug;
		};
		686A0F4A2FC337E50079F963 /* Release */ = {
			isa = XCBuildConfiguration;
			buildSettings = {
				BUNDLE_LOADER = "$(TEST_HOST)";
				CODE_SIGN_STYLE = Automatic;
				CURRENT_PROJECT_VERSION = 1;
				DEVELOPMENT_TEAM = 79MGKH9L7U;
				GENERATE_INFOPLIST_FILE = YES;
				IPHONEOS_DEPLOYMENT_TARGET = 26.5;
				MACOSX_DEPLOYMENT_TARGET = 26.5;
				MARKETING_VERSION = 1.0;
				PRODUCT_BUNDLE_IDENTIFIER = com.rmbartis.GeoNapTests;
				PRODUCT_NAME = "$(TARGET_NAME)";
				SDKROOT = auto;
				STRING_CATALOG_GENERATE_SYMBOLS = NO;
				SUPPORTED_PLATFORMS = "iphoneos iphonesimulator macosx xros xrsimulator";
				SWIFT_APPROACHABLE_CONCURRENCY = YES;
				SWIFT_EMIT_LOC_STRINGS = NO;
				SWIFT_UPCOMING_FEATURE_MEMBER_IMPORT_VISIBILITY = YES;
				SWIFT_VERSION = 5.0;
				TARGETED_DEVICE_FAMILY = "1,2,7";
				TEST_HOST = "$(BUILT_PRODUCTS_DIR)/GeoNap.app/$(BUNDLE_EXECUTABLE_FOLDER_PATH)/GeoNap";
				XROS_DEPLOYMENT_TARGET = 26.5;
			};
			name = Release;
		};
		686A0F4C2FC337E50079F963 /* Debug */ = {
			isa = XCBuildConfiguration;
			buildSettings = {
				CODE_SIGN_STYLE = Automatic;
				CURRENT_PROJECT_VERSION = 1;
				DEVELOPMENT_TEAM = 79MGKH9L7U;
				GENERATE_INFOPLIST_FILE = YES;
				IPHONEOS_DEPLOYMENT_TARGET = 26.5;
				MACOSX_DEPLOYMENT_TARGET = 26.5;
				MARKETING_VERSION = 1.0;
				PRODUCT_BUNDLE_IDENTIFIER = com.rmbartis.GeoNapUITests;
				PRODUCT_NAME = "$(TARGET_NAME)";
				SDKROOT = auto;
				STRING_CATALOG_GENERATE_SYMBOLS = NO;
				SUPPORTED_PLATFORMS = "iphoneos iphonesimulator macosx xros xrsimulator";
				SWIFT_APPROACHABLE_CONCURRENCY = YES;
				SWIFT_EMIT_LOC_STRINGS = NO;
				SWIFT_UPCOMING_FEATURE_MEMBER_IMPORT_VISIBILITY = YES;
				SWIFT_VERSION = 5.0;
				TARGETED_DEVICE_FAMILY = "1,2,7";
				TEST_TARGET_NAME = GeoNap;
				XROS_DEPLOYMENT_TARGET = 26.5;
			};
			name = Debug;
		};
		686A0F4D2FC337E50079F963 /* Release */ = {
			isa = XCBuildConfiguration;
			buildSettings = {
				CODE_SIGN_STYLE = Automatic;
				CURRENT_PROJECT_VERSION = 1;
				DEVELOPMENT_TEAM = 79MGKH9L7U;
				GENERATE_INFOPLIST_FILE = YES;
				IPHONEOS_DEPLOYMENT_TARGET = 26.5;
				MACOSX_DEPLOYMENT_TARGET = 26.5;
				MARKETING_VERSION = 1.0;
				PRODUCT_BUNDLE_IDENTIFIER = com.rmbartis.GeoNapUITests;
				PRODUCT_NAME = "$(TARGET_NAME)";
				SDKROOT = auto;
				STRING_CATALOG_GENERATE_SYMBOLS = NO;
				SUPPORTED_PLATFORMS = "iphoneos iphonesimulator macosx xros xrsimulator";
				SWIFT_APPROACHABLE_CONCURRENCY = YES;
				SWIFT_EMIT_LOC_STRINGS = NO;
				SWIFT_UPCOMING_FEATURE_MEMBER_IMPORT_VISIBILITY = YES;
				SWIFT_VERSION = 5.0;
				TARGETED_DEVICE_FAMILY = "1,2,7";
				TEST_TARGET_NAME = GeoNap;
				XROS_DEPLOYMENT_TARGET = 26.5;
			};
			name = Release;
		};
/* End XCBuildConfiguration section */

/* Begin XCConfigurationList section */
		686A0F1A2FC337E40079F963 /* Build configuration list for PBXProject "GeoAlarm" */ = {
			isa = XCConfigurationList;
			buildConfigurations = (
				686A0F462FC337E50079F963 /* Debug */,
				686A0F472FC337E50079F963 /* Release */,
			);
			defaultConfigurationIsVisible = 0;
			defaultConfigurationName = Release;
		};
		686A0F432FC337E50079F963 /* Build configuration list for PBXNativeTarget "GeoNap" */ = {
			isa = XCConfigurationList;
			buildConfigurations = (
				686A0F442FC337E50079F963 /* Debug */,
				686A0F452FC337E50079F963 /* Release */,
			);
			defaultConfigurationIsVisible = 0;
			defaultConfigurationName = Release;
		};
		686A0F482FC337E50079F963 /* Build configuration list for PBXNativeTarget "NapStopTests" */ = {
			isa = XCConfigurationList;
			buildConfigurations = (
				686A0F492FC337E50079F963 /* Debug */,
				686A0F4A2FC337E50079F963 /* Release */,
			);
			defaultConfigurationIsVisible = 0;
			defaultConfigurationName = Release;
		};
		686A0F4B2FC337E50079F963 /* Build configuration list for PBXNativeTarget "NapStopUITests" */ = {
			isa = XCConfigurationList;
			buildConfigurations = (
				686A0F4C2FC337E50079F963 /* Debug */,
				686A0F4D2FC337E50079F963 /* Release */,
			);
			defaultConfigurationIsVisible = 0;
			defaultConfigurationName = Release;
		};
/* End XCConfigurationList section */

/* Begin XCRemoteSwiftPackageReference section */
		686A0FCB2FC39F2E0079F963 /* XCRemoteSwiftPackageReference "firebase-ios-sdk" */ = {
			isa = XCRemoteSwiftPackageReference;
			repositoryURL = "https://github.com/firebase/firebase-ios-sdk";
			requirement = {
				kind = upToNextMajorVersion;
				minimumVersion = 12.13.0;
			};
		};
		686A100A2FC48E3F0079F963 /* XCRemoteSwiftPackageReference "ZIPFoundation" */ = {
			isa = XCRemoteSwiftPackageReference;
			repositoryURL = "https://github.com/weichsel/ZIPFoundation.git";
			requirement = {
				kind = upToNextMajorVersion;
				minimumVersion = 0.9.20;
			};
		};
/* End XCRemoteSwiftPackageReference section */

/* Begin XCSwiftPackageProductDependency section */
		686A0FCC2FC39F2E0079F963 /* FirebaseCore */ = {
			isa = XCSwiftPackageProductDependency;
			package = 686A0FCB2FC39F2E0079F963 /* XCRemoteSwiftPackageReference "firebase-ios-sdk" */;
			productName = FirebaseCore;
		};
		686A0FCE2FC39F2E0079F963 /* FirebaseCrashlytics */ = {
			isa = XCSwiftPackageProductDependency;
			package = 686A0FCB2FC39F2E0079F963 /* XCRemoteSwiftPackageReference "firebase-ios-sdk" */;
			productName = FirebaseCrashlytics;
		};
		686A100C2FC48EB90079F963 /* ZIPFoundation */ = {
			isa = XCSwiftPackageProductDependency;
			package = 686A100A2FC48E3F0079F963 /* XCRemoteSwiftPackageReference "ZIPFoundation" */;
			productName = ZIPFoundation;
		};
/* End XCSwiftPackageProductDependency section */
	};
	rootObject = 686A0F172FC337E40079F963 /* Project object */;
}
